
Microsoft Visual Studio Solution File, Format Version 12.00
# Visual Studio 15
VisualStudioVersion = 15.0.28010.2046
MinimumVisualStudioVersion = 10.0.40219.1
Project("{FAE04EC0-301F-11D3-BF4B-00C04F79EFBC}") = "UnitTest_Fattoriale", "UnitTest_Fattoriale\UnitTest_Fattoriale.csproj", "{1961C351-706E-40F5-9632-69E5C0C8ECB3}"
EndProject
Project("{FAE04EC0-301F-11D3-BF4B-00C04F79EFBC}") = "Fattoriale3", "Fattoriale\Fattoriale3.csproj", "{42EE70BA-F9BD-477A-9B49-5EAC393C5A21}"
EndProject
Global
	GlobalSection(SolutionConfigurationPlatforms) = preSolution
		Debug|Any CPU = Debug|Any CPU
		Release|Any CPU = Release|Any CPU
	EndGlobalSection
	GlobalSection(ProjectConfigurationPlatforms) = postSolution
		{1961C351-706E-40F5-9632-69E5C0C8ECB3}.Debug|Any CPU.ActiveCfg = Debug|Any CPU
		{1961C351-706E-40F5-9632-69E5C0C8ECB3}.Debug|Any CPU.Build.0 = Debug|Any CPU
		{1961C351-706E-40F5-9632-69E5C0C8ECB3}.Release|Any CPU.ActiveCfg = Release|Any CPU
		{1961C351-706E-40F5-9632-69E5C0C8ECB3}.Release|Any CPU.Build.0 = Release|Any CPU
		{42EE70BA-F9BD-477A-9B49-5EAC393C5A21}.Debug|Any CPU.ActiveCfg = Debug|Any CPU
		{42EE70BA-F9BD-477A-9B49-5EAC393C5A21}.Debug|Any CPU.Build.0 = Debug|Any CPU
		{42EE70BA-F9BD-477A-9B49-5EAC393C5A21}.Release|Any CPU.ActiveCfg = Release|Any CPU
		{42EE70BA-F9BD-477A-9B49-5EAC393C5A21}.Release|Any CPU.Build.0 = Release|Any CPU
	EndGlobalSection
	GlobalSection(SolutionProperties) = preSolution
		HideSolutionNode = FALSE
	EndGlobalSection
	GlobalSection(ExtensibilityGlobals) = postSolution
		SolutionGuid = {F80A2C27-56E1-4531-9AA3-721BD40BD7CB}
	EndGlobalSection
EndGlobal
